
Microsoft Visual Studio Solution File, Format Version 12.00
# Visual Studio 15
VisualStudioVersion = 15.0.33026.149
MinimumVisualStudioVersion = 10.0.40219.1
Project("{FAE04EC0-301F-11D3-BF4B-00C04F79EFBC}") = "OracleToMSSQL", "OracleToMSSQL\OracleToMSSQL.csproj", "{FF7723ED-96C7-4EFE-879E-AE9627C8E847}"
EndProject
Global
	GlobalSection(SolutionConfigurationPlatforms) = preSolution
		Debug|Any CPU = Debug|Any CPU
		Release|Any CPU = Release|Any CPU
	EndGlobalSection
	GlobalSection(ProjectConfigurationPlatforms) = postSolution
		{FF7723ED-96C7-4EFE-879E-AE9627C8E847}.Debug|Any CPU.ActiveCfg = Debug|Any CPU
		{FF7723ED-96C7-4EFE-879E-AE9627C8E847}.Debug|Any CPU.Build.0 = Debug|Any CPU
		{FF7723ED-96C7-4EFE-879E-AE9627C8E847}.Release|Any CPU.ActiveCfg = Release|Any CPU
		{FF7723ED-96C7-4EFE-879E-AE9627C8E847}.Release|Any CPU.Build.0 = Release|Any CPU
	EndGlobalSection
	GlobalSection(SolutionProperties) = preSolution
		HideSolutionNode = FALSE
	EndGlobalSection
	GlobalSection(ExtensibilityGlobals) = postSolution
		SolutionGuid = {8FE9DE8C-0C71-4E6D-AE75-80BD9D9928CE}
	EndGlobalSection
EndGlobal
