
Microsoft Visual Studio Solution File, Format Version 12.00
# Visual Studio 15
VisualStudioVersion = 15.0.33026.149
MinimumVisualStudioVersion = 10.0.40219.1
Project("{FAE04EC0-301F-11D3-BF4B-00C04F79EFBC}") = "SMTPTest", "SMTPTest\SMTPTest.csproj", "{66AFAC7E-25E6-4524-9D1D-AB3B1358F336}"
EndProject
Global
	GlobalSection(SolutionConfigurationPlatforms) = preSolution
		Debug|Any CPU = Debug|Any CPU
		Release|Any CPU = Release|Any CPU
	EndGlobalSection
	GlobalSection(ProjectConfigurationPlatforms) = postSolution
		{66AFAC7E-25E6-4524-9D1D-AB3B1358F336}.Debug|Any CPU.ActiveCfg = Debug|Any CPU
		{66AFAC7E-25E6-4524-9D1D-AB3B1358F336}.Debug|Any CPU.Build.0 = Debug|Any CPU
		{66AFAC7E-25E6-4524-9D1D-AB3B1358F336}.Release|Any CPU.ActiveCfg = Release|Any CPU
		{66AFAC7E-25E6-4524-9D1D-AB3B1358F336}.Release|Any CPU.Build.0 = Release|Any CPU
	EndGlobalSection
	GlobalSection(SolutionProperties) = preSolution
		HideSolutionNode = FALSE
	EndGlobalSection
	GlobalSection(ExtensibilityGlobals) = postSolution
		SolutionGuid = {FF5A7CC1-AA6C-4E75-855B-61EF4E4B8E59}
	EndGlobalSection
EndGlobal
